
Microsoft Visual Studio Solution File, Format Version 12.00
# Visual Studio Version 17
VisualStudioVersion = 17.5.33424.131
MinimumVisualStudioVersion = 10.0.40219.1
Project("{FAE04EC0-301F-11D3-BF4B-00C04F79EFBC}") = "NetworkingFrameworkForDotNetFramework", "NetworkingFrameworkForDotNetFramework\NetworkingFrameworkForDotNetFramework.csproj", "{B9E49B62-C84C-46AF-82FE-BDEB1FC7B14A}"
EndProject
Global
	GlobalSection(SolutionConfigurationPlatforms) = preSolution
		Debug|Any CPU = Debug|Any CPU
		Release|Any CPU = Release|Any CPU
	EndGlobalSection
	GlobalSection(ProjectConfigurationPlatforms) = postSolution
		{B9E49B62-C84C-46AF-82FE-BDEB1FC7B14A}.Debug|Any CPU.ActiveCfg = Debug|Any CPU
		{B9E49B62-C84C-46AF-82FE-BDEB1FC7B14A}.Debug|Any CPU.Build.0 = Debug|Any CPU
		{B9E49B62-C84C-46AF-82FE-BDEB1FC7B14A}.Release|Any CPU.ActiveCfg = Release|Any CPU
		{B9E49B62-C84C-46AF-82FE-BDEB1FC7B14A}.Release|Any CPU.Build.0 = Release|Any CPU
	EndGlobalSection
	GlobalSection(SolutionProperties) = preSolution
		HideSolutionNode = FALSE
	EndGlobalSection
	GlobalSection(ExtensibilityGlobals) = postSolution
		SolutionGuid = {797C5FEB-43BA-4CA1-8FA3-62DB20383060}
	EndGlobalSection
EndGlobal
